
Microsoft Visual Studio Solution File, Format Version 12.00
# Visual Studio Version 17
VisualStudioVersion = 17.6.33723.286
MinimumVisualStudioVersion = 10.0.40219.1
Project("{FAE04EC0-301F-11D3-BF4B-00C04F79EFBC}") = "2023-06-09 주말과제", "2023-06-09 주말과제\2023-06-09 주말과제.csproj", "{7ABC079C-E88E-451C-BA1D-C09A2FDB6798}"
EndProject
Global
	GlobalSection(SolutionConfigurationPlatforms) = preSolution
		Debug|Any CPU = Debug|Any CPU
		Release|Any CPU = Release|Any CPU
	EndGlobalSection
	GlobalSection(ProjectConfigurationPlatforms) = postSolution
		{7ABC079C-E88E-451C-BA1D-C09A2FDB6798}.Debug|Any CPU.ActiveCfg = Debug|Any CPU
		{7ABC079C-E88E-451C-BA1D-C09A2FDB6798}.Debug|Any CPU.Build.0 = Debug|Any CPU
		{7ABC079C-E88E-451C-BA1D-C09A2FDB6798}.Release|Any CPU.ActiveCfg = Release|Any CPU
		{7ABC079C-E88E-451C-BA1D-C09A2FDB6798}.Release|Any CPU.Build.0 = Release|Any CPU
	EndGlobalSection
	GlobalSection(SolutionProperties) = preSolution
		HideSolutionNode = FALSE
	EndGlobalSection
	GlobalSection(ExtensibilityGlobals) = postSolution
		SolutionGuid = {AEEA805A-F393-48FE-8A2A-A06B41995616}
	EndGlobalSection
EndGlobal
